
Microsoft Visual Studio Solution File, Format Version 12.00
# Visual Studio Version 16
VisualStudioVersion = 16.0.29503.13
MinimumVisualStudioVersion = 10.0.40219.1
Project("{8BC9CEB8-8B4A-11D0-8D11-00A0C91BC942}") = "HelloMsgBox", "HelloMsgBox\HelloMsgBox.vcxproj", "{63535CA2-3137-4280-9AD7-BB7E50391D51}"
EndProject
Global
	GlobalSection(SolutionConfigurationPlatforms) = preSolution
		Debug|x64 = Debug|x64
		Debug|x86 = Debug|x86
		Release|x64 = Release|x64
		Release|x86 = Release|x86
	EndGlobalSection
	GlobalSection(ProjectConfigurationPlatforms) = postSolution
		{63535CA2-3137-4280-9AD7-BB7E50391D51}.Debug|x64.ActiveCfg = Debug|x64
		{63535CA2-3137-4280-9AD7-BB7E50391D51}.Debug|x64.Build.0 = Debug|x64
		{63535CA2-3137-4280-9AD7-BB7E50391D51}.Debug|x86.ActiveCfg = Debug|Win32
		{63535CA2-3137-4280-9AD7-BB7E50391D51}.Debug|x86.Build.0 = Debug|Win32
		{63535CA2-3137-4280-9AD7-BB7E50391D51}.Release|x64.ActiveCfg = Release|x64
		{63535CA2-3137-4280-9AD7-BB7E50391D51}.Release|x64.Build.0 = Release|x64
		{63535CA2-3137-4280-9AD7-BB7E50391D51}.Release|x86.ActiveCfg = Release|Win32
		{63535CA2-3137-4280-9AD7-BB7E50391D51}.Release|x86.Build.0 = Release|Win32
	EndGlobalSection
	GlobalSection(SolutionProperties) = preSolution
		HideSolutionNode = FALSE
	EndGlobalSection
	GlobalSection(ExtensibilityGlobals) = postSolution
		SolutionGuid = {13816190-C10B-4BBF-83A4-EBF81952291A}
	EndGlobalSection
EndGlobal
